// !$*UTF8*$!
{
	archiveVersion = 1;
	classes = {
	};
	objectVersion = 50;
	objects = {

/* Begin PBXBuildFile section */
		F45D2B1A234FC1630055EAA8 /* AppDelegate.swift in Sources */ = {isa = PBXBuildFile; fileRef = F45D2B19234FC1630055EAA8 /* AppDelegate.swift */; };
		F45D2B1C234FC1630055EAA8 /* SceneDelegate.swift in Sources */ = {isa = PBXBuildFile; fileRef = F45D2B1B234FC1630055EAA8 /* SceneDelegate.swift */; };
		F45D2B1E234FC1630055EAA8 /* ContentView.swift in Sources */ = {isa = PBXBuildFile; fileRef = F45D2B1D234FC1630055EAA8 /* ContentView.swift */; };
		F45D2B20234FC1640055EAA8 /* Assets.xcassets in Resources */ = {isa = PBXBuildFile; fileRef = F45D2B1F234FC1640055EAA8 /* Assets.xcassets */; };
		F45D2B23234FC1640055EAA8 /* Preview Assets.xcassets in Resources */ = {isa = PBXBuildFile; fileRef = F45D2B22234FC1640055EAA8 /* Preview Assets.xcassets */; };
		F45D2B26234FC1640055EAA8 /* LaunchScreen.storyboard in Resources */ = {isa = PBXBuildFile; fileRef = F45D2B24234FC1640055EAA8 /* LaunchScreen.storyboard */; };
		F45D2B31234FC1640055EAA8 /* trainingTrackerTests.swift in Sources */ = {isa = PBXBuildFile; fileRef = F45D2B30234FC1640055EAA8 /* trainingTrackerTests.swift */; };
		F45D2B3C234FC1640055EAA8 /* trainingTrackerUITests.swift in Sources */ = {isa = PBXBuildFile; fileRef = F45D2B3B234FC1640055EAA8 /* trainingTrackerUITests.swift */; };
/* End PBXBuildFile section */

/* Begin PBXContainerItemProxy section */
		F45D2B2D234FC1640055EAA8 /* PBXContainerItemProxy */ = {
			isa = PBXContainerItemProxy;
			containerPortal = F45D2B0E234FC1630055EAA8 /* Project object */;
			proxyType = 1;
			remoteGlobalIDString = F45D2B15234FC1630055EAA8;
			remoteInfo = trainingTracker;
		};
		F45D2B38234FC1640055EAA8 /* PBXContainerItemProxy */ = {
			isa = PBXContainerItemProxy;
			containerPortal = F45D2B0E234FC1630055EAA8 /* Project object */;
			proxyType = 1;
			remoteGlobalIDString = F45D2B15234FC1630055EAA8;
			remoteInfo = trainingTracker;
		};
/* End PBXContainerItemProxy section */

/* Begin PBXFileReference section */
		F45D2B16234FC1630055EAA8 /* trainingTracker.app */ = {isa = PBXFileReference; explicitFileType = wrapper.application; includeInIndex = 0; path = trainingTracker.app; sourceTree = BUILT_PRODUCTS_DIR; };
		F45D2B19234FC1630055EAA8 /* AppDelegate.swift */ = {isa = PBXFileReference; lastKnownFileType = sourcecode.swift; path = AppDelegate.swift; sourceTree = "<group>"; };
		F45D2B1B234FC1630055EAA8 /* SceneDelegate.swift */ = {isa = PBXFileReference; lastKnownFileType = sourcecode.swift; path = SceneDelegate.swift; sourceTree = "<group>"; };
		F45D2B1D234FC1630055EAA8 /* ContentView.swift */ = {isa = PBXFileReference; lastKnownFileType = sourcecode.swift; path = ContentView.swift; sourceTree = "<group>"; };
		F45D2B1F234FC1640055EAA8 /* Assets.xcassets */ = {isa = PBXFileReference; lastKnownFileType = folder.assetcatalog; path = Assets.xcassets; sourceTree = "<group>"; };
		F45D2B22234FC1640055EAA8 /* Preview Assets.xcassets */ = {isa = PBXFileReference; lastKnownFileType = folder.assetcatalog; path = "Preview Assets.xcassets"; sourceTree = "<group>"; };
		F45D2B25234FC1640055EAA8 /* Base */ = {isa = PBXFileReference; lastKnownFileType = file.storyboard; name = Base; path = Base.lproj/LaunchScreen.storyboard; sourceTree = "<group>"; };
		F45D2B27234FC1640055EAA8 /* Info.plist */ = {isa = PBXFileReference; lastKnownFileType = text.plist.xml; path = Info.plist; sourceTree = "<group>"; };
		F45D2B2C234FC1640055EAA8 /* trainingTrackerTests.xctest */ = {isa = PBXFileReference; explicitFileType = wrapper.cfbundle; includeInIndex = 0; path = trainingTrackerTests.xctest; sourceTree = BUILT_PRODUCTS_DIR; };
		F45D2B30234FC1640055EAA8 /* trainingTrackerTests.swift */ = {isa = PBXFileReference; lastKnownFileType = sourcecode.swift; path = trainingTrackerTests.swift; sourceTree = "<group>"; };
		F45D2B32234FC1640055EAA8 /* Info.plist */ = {isa = PBXFileReference; lastKnownFileType = text.plist.xml; path = Info.plist; sourceTree = "<group>"; };
		F45D2B37234FC1640055EAA8 /* trainingTrackerUITests.xctest */ = {isa = PBXFileReference; explicitFileType = wrapper.cfbundle; includeInIndex = 0; path = trainingTrackerUITests.xctest; sourceTree = BUILT_PRODUCTS_DIR; };
		F45D2B3B234FC1640055EAA8 /* trainingTrackerUITests.swift */ = {isa = PBXFileReference; lastKnownFileType = sourcecode.swift; path = trainingTrackerUITests.swift; sourceTree = "<group>"; };
		F45D2B3D234FC1640055EAA8 /* Info.plist */ = {isa = PBXFileReference; lastKnownFileType = text.plist.xml; path = Info.plist; sourceTree = "<group>"; };
/* End PBXFileReference section */

/* Begin PBXFrameworksBuildPhase section */
		F45D2B13234FC1630055EAA8 /* Frameworks */ = {
			isa = PBXFrameworksBuildPhase;
			buildActionMask = 2147483647;
			files = (
			);
			runOnlyForDeploymentPostprocessing = 0;
		};
		F45D2B29234FC1640055EAA8 /* Frameworks */ = {
			isa = PBXFrameworksBuildPhase;
			buildActionMask = 2147483647;
			files = (
			);
			runOnlyForDeploymentPostprocessing = 0;
		};
		F45D2B34234FC1640055EAA8 /* Frameworks */ = {
			isa = PBXFrameworksBuildPhase;
			buildActionMask = 2147483647;
			files = (
			);
			runOnlyForDeploymentPostprocessing = 0;
		};
/* End PBXFrameworksBuildPhase section */

/* Begin PBXGroup section */
		F45D2B0D234FC1630055EAA8 = {
			isa = PBXGroup;
			children = (
				F45D2B18234FC1630055EAA8 /* trainingTracker */,
				F45D2B2F234FC1640055EAA8 /* trainingTrackerTests */,
				F45D2B3A234FC1640055EAA8 /* trainingTrackerUITests */,
				F45D2B17234FC1630055EAA8 /* Products */,
			);
			sourceTree = "<group>";
		};
		F45D2B17234FC1630055EAA8 /* Products */ = {
			isa = PBXGroup;
			children = (
				F45D2B16234FC1630055EAA8 /* trainingTracker.app */,
				F45D2B2C234FC1640055EAA8 /* trainingTrackerTests.xctest */,
				F45D2B37234FC1640055EAA8 /* trainingTrackerUITests.xctest */,
			);
			name = Products;
			sourceTree = "<group>";
		};
		F45D2B18234FC1630055EAA8 /* trainingTracker */ = {
			isa = PBXGroup;
			children = (
				F45D2B19234FC1630055EAA8 /* AppDelegate.swift */,
				F45D2B1B234FC1630055EAA8 /* SceneDelegate.swift */,
				F45D2B1D234FC1630055EAA8 /* ContentView.swift */,
				F45D2B1F234FC1640055EAA8 /* Assets.xcassets */,
				F45D2B24234FC1640055EAA8 /* LaunchScreen.storyboard */,
				F45D2B27234FC1640055EAA8 /* Info.plist */,
				F45D2B21234FC1640055EAA8 /* Preview Content */,
			);
			path = trainingTracker;
			sourceTree = "<group>";
		};
		F45D2B21234FC1640055EAA8 /* Preview Content */ = {
			isa = PBXGroup;
			children = (
				F45D2B22234FC1640055EAA8 /* Preview Assets.xcassets */,
			);
			path = "Preview Content";
			sourceTree = "<group>";
		};
		F45D2B2F234FC1640055EAA8 /* trainingTrackerTests */ = {
			isa = PBXGroup;
			children = (
				F45D2B30234FC1640055EAA8 /* trainingTrackerTests.swift */,
				F45D2B32234FC1640055EAA8 /* Info.plist */,
			);
			path = trainingTrackerTests;
			sourceTree = "<group>";
		};
		F45D2B3A234FC1640055EAA8 /* trainingTrackerUITests */ = {
			isa = PBXGroup;
			children = (
				F45D2B3B234FC1640055EAA8 /* trainingTrackerUITests.swift */,
				F45D2B3D234FC1640055EAA8 /* Info.plist */,
			);
			path = trainingTrackerUITests;
			sourceTree = "<group>";
		};
/* End PBXGroup section */

/* Begin PBXNativeTarget section */
		F45D2B15234FC1630055EAA8 /* trainingTracker */ = {
			isa = PBXNativeTarget;
			buildConfigurationList = F45D2B40234FC1640055EAA8 /* Build configuration list for PBXNativeTarget "trainingTracker" */;
			buildPhases = (
				F45D2B12234FC1630055EAA8 /* Sources */,
				F45D2B13234FC1630055EAA8 /* Frameworks */,
				F45D2B14234FC1630055EAA8 /* Resources */,
			);
			buildRules = (
			);
			dependencies = (
			);
			name = trainingTracker;
			productName = trainingTracker;
			productReference = F45D2B16234FC1630055EAA8 /* trainingTracker.app */;
			productType = "com.apple.product-type.application";
		};
		F45D2B2B234FC1640055EAA8 /* trainingTrackerTests */ = {
			isa = PBXNativeTarget;
			buildConfigurationList = F45D2B43234FC1640055EAA8 /* Build configuration list for PBXNativeTarget "trainingTrackerTests" */;
			buildPhases = (
				F45D2B28234FC1640055EAA8 /* Sources */,
				F45D2B29234FC1640055EAA8 /* Frameworks */,
				F45D2B2A234FC1640055EAA8 /* Resources */,
			);
			buildRules = (
			);
			dependencies = (
				F45D2B2E234FC1640055EAA8 /* PBXTargetDependency */,
			);
			name = trainingTrackerTests;
			productName = trainingTrackerTests;
			productReference = F45D2B2C234FC1640055EAA8 /* trainingTrackerTests.xctest */;
			productType = "com.apple.product-type.bundle.unit-test";
		};
		F45D2B36234FC1640055EAA8 /* trainingTrackerUITests */ = {
			isa = PBXNativeTarget;
			buildConfigurationList = F45D2B46234FC1640055EAA8 /* Build configuration list for PBXNativeTarget "trainingTrackerUITests" */;
			buildPhases = (
				F45D2B33234FC1640055EAA8 /* Sources */,
				F45D2B34234FC1640055EAA8 /* Frameworks */,
				F45D2B35234FC1640055EAA8 /* Resources */,
			);
			buildRules = (
			);
			dependencies = (
				F45D2B39234FC1640055EAA8 /* PBXTargetDependency */,
			);
			name = trainingTrackerUITests;
			productName = trainingTrackerUITests;
			productReference = F45D2B37234FC1640055EAA8 /* trainingTrackerUITests.xctest */;
			productType = "com.apple.product-type.bundle.ui-testing";
		};
/* End PBXNativeTarget section */

/* Begin PBXProject section */
		F45D2B0E234FC1630055EAA8 /* Project object */ = {
			isa = PBXProject;
			attributes = {
				LastSwiftUpdateCheck = 1100;
				LastUpgradeCheck = 1100;
				ORGANIZATIONNAME = Jan;
				TargetAttributes = {
					F45D2B15234FC1630055EAA8 = {
						CreatedOnToolsVersion = 11.0;
					};
					F45D2B2B234FC1640055EAA8 = {
						CreatedOnToolsVersion = 11.0;
						TestTargetID = F45D2B15234FC1630055EAA8;
					};
					F45D2B36234FC1640055EAA8 = {
						CreatedOnToolsVersion = 11.0;
						TestTargetID = F45D2B15234FC1630055EAA8;
					};
				};
			};
			buildConfigurationList = F45D2B11234FC1630055EAA8 /* Build configuration list for PBXProject "trainingTracker" */;
			compatibilityVersion = "Xcode 9.3";
			developmentRegion = en;
			hasScannedForEncodings = 0;
			knownRegions = (
				en,
				Base,
			);
			mainGroup = F45D2B0D234FC1630055EAA8;
			productRefGroup = F45D2B17234FC1630055EAA8 /* Products */;
			projectDirPath = "";
			projectRoot = "";
			targets = (
				F45D2B15234FC1630055EAA8 /* trainingTracker */,
				F45D2B2B234FC1640055EAA8 /* trainingTrackerTests */,
				F45D2B36234FC1640055EAA8 /* trainingTrackerUITests */,
			);
		};
/* End PBXProject section */

/* Begin PBXResourcesBuildPhase section */
		F45D2B14234FC1630055EAA8 /* Resources */ = {
			isa = PBXResourcesBuildPhase;
			buildActionMask = 2147483647;
			files = (
				F45D2B26234FC1640055EAA8 /* LaunchScreen.storyboard in Resources */,
				F45D2B23234FC1640055EAA8 /* Preview Assets.xcassets in Resources */,
				F45D2B20234FC1640055EAA8 /* Assets.xcassets in Resources */,
			);
			runOnlyForDeploymentPostprocessing = 0;
		};
		F45D2B2A234FC1640055EAA8 /* Resources */ = {
			isa = PBXResourcesBuildPhase;
			buildActionMask = 2147483647;
			files = (
			);
			runOnlyForDeploymentPostprocessing = 0;
		};
		F45D2B35234FC1640055EAA8 /* Resources */ = {
			isa = PBXResourcesBuildPhase;
			buildActionMask = 2147483647;
			files = (
			);
			runOnlyForDeploymentPostprocessing = 0;
		};
/* End PBXResourcesBuildPhase section */

/* Begin PBXSourcesBuildPhase section */
		F45D2B12234FC1630055EAA8 /* Sources */ = {
			isa = PBXSourcesBuildPhase;
			buildActionMask = 2147483647;
			files = (
				F45D2B1A234FC1630055EAA8 /* AppDelegate.swift in Sources */,
				F45D2B1C234FC1630055EAA8 /* SceneDelegate.swift in Sources */,
				F45D2B1E234FC1630055EAA8 /* ContentView.swift in Sources */,
			);
			runOnlyForDeploymentPostprocessing = 0;
		};
		F45D2B28234FC1640055EAA8 /* Sources */ = {
			isa = PBXSourcesBuildPhase;
			buildActionMask = 2147483647;
			files = (
				F45D2B31234FC1640055EAA8 /* trainingTrackerTests.swift in Sources */,
			);
			runOnlyForDeploymentPostprocessing = 0;
		};
		F45D2B33234FC1640055EAA8 /* Sources */ = {
			isa = PBXSourcesBuildPhase;
			buildActionMask = 2147483647;
			files = (
				F45D2B3C234FC1640055EAA8 /* trainingTrackerUITests.swift in Sources */,
			);
			runOnlyForDeploymentPostprocessing = 0;
		};
/* End PBXSourcesBuildPhase section */

/* Begin PBXTargetDependency section */
		F45D2B2E234FC1640055EAA8 /* PBXTargetDependency */ = {
			isa = PBXTargetDependency;
			target = F45D2B15234FC1630055EAA8 /* trainingTracker */;
			targetProxy = F45D2B2D234FC1640055EAA8 /* PBXContainerItemProxy */;
		};
		F45D2B39234FC1640055EAA8 /* PBXTargetDependency */ = {
			isa = PBXTargetDependency;
			target = F45D2B15234FC1630055EAA8 /* trainingTracker */;
			targetProxy = F45D2B38234FC1640055EAA8 /* PBXContainerItemProxy */;
		};
/* End PBXTargetDependency section */

/* Begin PBXVariantGroup section */
		F45D2B24234FC1640055EAA8 /* LaunchScreen.storyboard */ = {
			isa = PBXVariantGroup;
			children = (
				F45D2B25234FC1640055EAA8 /* Base */,
			);
			name = LaunchScreen.storyboard;
			sourceTree = "<group>";
		};
/* End PBXVariantGroup section */

/* Begin XCBuildConfiguration section */
		F45D2B3E234FC1640055EAA8 /* Debug */ = {
			isa = XCBuildConfiguration;
			buildSettings = {
				ALWAYS_SEARCH_USER_PATHS = NO;
				CLANG_ANALYZER_NONNULL = YES;
				CLANG_ANALYZER_NUMBER_OBJECT_CONVERSION = YES_AGGRESSIVE;
				CLANG_CXX_LANGUAGE_STANDARD = "gnu++14";
				CLANG_CXX_LIBRARY = "libc++";
				CLANG_ENABLE_MODULES = YES;
				CLANG_ENABLE_OBJC_ARC = YES;
				CLANG_ENABLE_OBJC_WEAK = YES;
				CLANG_WARN_BLOCK_CAPTURE_AUTORELEASING = YES;
				CLANG_WARN_BOOL_CONVERSION = YES;
				CLANG_WARN_COMMA = YES;
				CLANG_WARN_CONSTANT_CONVERSION = YES;
				CLANG_WARN_DEPRECATED_OBJC_IMPLEMENTATIONS = YES;
				CLANG_WARN_DIRECT_OBJC_ISA_USAGE = YES_ERROR;
				CLANG_WARN_DOCUMENTATION_COMMENTS = YES;
				CLANG_WARN_EMPTY_BODY = YES;
				CLANG_WARN_ENUM_CONVERSION = YES;
				CLANG_WARN_INFINITE_RECURSION = YES;
				CLANG_WARN_INT_CONVERSION = YES;
				CLANG_WARN_NON_LITERAL_NULL_CONVERSION = YES;
				CLANG_WARN_OBJC_IMPLICIT_RETAIN_SELF = YES;
				CLANG_WARN_OBJC_LITERAL_CONVERSION = YES;
				CLANG_WARN_OBJC_ROOT_CLASS = YES_ERROR;
				CLANG_WARN_RANGE_LOOP_ANALYSIS = YES;
				CLANG_WARN_STRICT_PROTOTYPES = YES;
				CLANG_WARN_SUSPICIOUS_MOVE = YES;
				CLANG_WARN_UNGUARDED_AVAILABILITY = YES_AGGRESSIVE;
				CLANG_WARN_UNREACHABLE_CODE = YES;
				CLANG_WARN__DUPLICATE_METHOD_MATCH = YES;
				COPY_PHASE_STRIP = NO;
				DEBUG_INFORMATION_FORMAT = dwarf;
				ENABLE_STRICT_OBJC_MSGSEND = YES;
				ENABLE_TESTABILITY = YES;
				GCC_C_LANGUAGE_STANDARD = gnu11;
				GCC_DYNAMIC_NO_PIC = NO;
				GCC_NO_COMMON_BLOCKS = YES;
				GCC_OPTIMIZATION_LEVEL = 0;
				GCC_PREPROCESSOR_DEFINITIONS = (
					"DEBUG=1",
					"$(inherited)",
				);
				GCC_WARN_64_TO_32_BIT_CONVERSION = YES;
				GCC_WARN_ABOUT_RETURN_TYPE = YES_ERROR;
				GCC_WARN_UNDECLARED_SELECTOR = YES;
				GCC_WARN_UNINITIALIZED_AUTOS = YES_AGGRESSIVE;
				GCC_WARN_UNUSED_FUNCTION = YES;
				GCC_WARN_UNUSED_VARIABLE = YES;
				IPHONEOS_DEPLOYMENT_TARGET = 13.0;
				MTL_ENABLE_DEBUG_INFO = INCLUDE_SOURCE;
				MTL_FAST_MATH = YES;
				ONLY_ACTIVE_ARCH = YES;
				SDKROOT = iphoneos;
				SWIFT_ACTIVE_COMPILATION_CONDITIONS = DEBUG;
				SWIFT_OPTIMIZATION_LEVEL = "-Onone";
			};
			name = Debug;
		};
		F45D2B3F234FC1640055EAA8 /* Release */ = {
			isa = XCBuildConfiguration;
			buildSettings = {
				ALWAYS_SEARCH_USER_PATHS = NO;
				CLANG_ANALYZER_NONNULL = YES;
				CLANG_ANALYZER_NUMBER_OBJECT_CONVERSION = YES_AGGRESSIVE;
				CLANG_CXX_LANGUAGE_STANDARD = "gnu++14";
				CLANG_CXX_LIBRARY = "libc++";
				CLANG_ENABLE_MODULES = YES;
				CLANG_ENABLE_OBJC_ARC = YES;
				CLANG_ENABLE_OBJC_WEAK = YES;
				CLANG_WARN_BLOCK_CAPTURE_AUTORELEASING = YES;
				CLANG_WARN_BOOL_CONVERSION = YES;
				CLANG_WARN_COMMA = YES;
				CLANG_WARN_CONSTANT_CONVERSION = YES;
				CLANG_WARN_DEPRECATED_OBJC_IMPLEMENTATIONS = YES;
				CLANG_WARN_DIRECT_OBJC_ISA_USAGE = YES_ERROR;
				CLANG_WARN_DOCUMENTATION_COMMENTS = YES;
				CLANG_WARN_EMPTY_BODY = YES;
				CLANG_WARN_ENUM_CONVERSION = YES;
				CLANG_WARN_INFINITE_RECURSION = YES;
				CLANG_WARN_INT_CONVERSION = YES;
				CLANG_WARN_NON_LITERAL_NULL_CONVERSION = YES;
				CLANG_WARN_OBJC_IMPLICIT_RETAIN_SELF = YES;
				CLANG_WARN_OBJC_LITERAL_CONVERSION = YES;
				CLANG_WARN_OBJC_ROOT_CLASS = YES_ERROR;
				CLANG_WARN_RANGE_LOOP_ANALYSIS = YES;
				CLANG_WARN_STRICT_PROTOTYPES = YES;
				CLANG_WARN_SUSPICIOUS_MOVE = YES;
				CLANG_WARN_UNGUARDED_AVAILABILITY = YES_AGGRESSIVE;
				CLANG_WARN_UNREACHABLE_CODE = YES;
				CLANG_WARN__DUPLICATE_METHOD_MATCH = YES;
				COPY_PHASE_STRIP = NO;
				DEBUG_INFORMATION_FORMAT = "dwarf-with-dsym";
				ENABLE_NS_ASSERTIONS = NO;
				ENABLE_STRICT_OBJC_MSGSEND = YES;
				GCC_C_LANGUAGE_STANDARD = gnu11;
				GCC_NO_COMMON_BLOCKS = YES;
				GCC_WARN_64_TO_32_BIT_CONVERSION = YES;
				GCC_WARN_ABOUT_RETURN_TYPE = YES_ERROR;
				GCC_WARN_UNDECLARED_SELECTOR = YES;
				GCC_WARN_UNINITIALIZED_AUTOS = YES_AGGRESSIVE;
				GCC_WARN_UNUSED_FUNCTION = YES;
				GCC_WARN_UNUSED_VARIABLE = YES;
				IPHONEOS_DEPLOYMENT_TARGET = 13.0;
				MTL_ENABLE_DEBUG_INFO = NO;
				MTL_FAST_MATH = YES;
				SDKROOT = iphoneos;
				SWIFT_COMPILATION_MODE = wholemodule;
				SWIFT_OPTIMIZATION_LEVEL = "-O";
				VALIDATE_PRODUCT = YES;
			};
			name = Release;
		};
		F45D2B41234FC1640055EAA8 /* Debug */ = {
			isa = XCBuildConfiguration;
			buildSettings = {
				ASSETCATALOG_COMPILER_APPICON_NAME = AppIcon;
				CODE_SIGN_STYLE = Automatic;
				DEVELOPMENT_ASSET_PATHS = "\"trainingTracker/Preview Content\"";
				ENABLE_PREVIEWS = YES;
				INFOPLIST_FILE = trainingTracker/Info.plist;
				LD_RUNPATH_SEARCH_PATHS = (
					"$(inherited)",
					"@executable_path/Frameworks",
				);
				PRODUCT_BUNDLE_IDENTIFIER = com.hidotp.trainingTracker;
				PRODUCT_NAME = "$(TARGET_NAME)";
				SWIFT_VERSION = 5.0;
				TARGETED_DEVICE_FAMILY = "1,2";
			};
			name = Debug;
		};
		F45D2B42234FC1640055EAA8 /* Release */ = {
			isa = XCBuildConfiguration;
			buildSettings = {
				ASSETCATALOG_COMPILER_APPICON_NAME = AppIcon;
				CODE_SIGN_STYLE = Automatic;
				DEVELOPMENT_ASSET_PATHS = "\"trainingTracker/Preview Content\"";
				ENABLE_PREVIEWS = YES;
				INFOPLIST_FILE = trainingTracker/Info.plist;
				LD_RUNPATH_SEARCH_PATHS = (
					"$(inherited)",
					"@executable_path/Frameworks",
				);
				PRODUCT_BUNDLE_IDENTIFIER = com.hidotp.trainingTracker;
				PRODUCT_NAME = "$(TARGET_NAME)";
				SWIFT_VERSION = 5.0;
				TARGETED_DEVICE_FAMILY = "1,2";
			};
			name = Release;
		};
		F45D2B44234FC1640055EAA8 /* Debug */ = {
			isa = XCBuildConfiguration;
			buildSettings = {
				ALWAYS_EMBED_SWIFT_STANDARD_LIBRARIES = YES;
				BUNDLE_LOADER = "$(TEST_HOST)";
				CODE_SIGN_STYLE = Automatic;
				INFOPLIST_FILE = trainingTrackerTests/Info.plist;
				IPHONEOS_DEPLOYMENT_TARGET = 13.0;
				LD_RUNPATH_SEARCH_PATHS = (
					"$(inherited)",
					"@executable_path/Frameworks",
					"@loader_path/Frameworks",
				);
				PRODUCT_BUNDLE_IDENTIFIER = com.hidotp.trainingTrackerTests;
				PRODUCT_NAME = "$(TARGET_NAME)";
				SWIFT_VERSION = 5.0;
				TARGETED_DEVICE_FAMILY = "1,2";
				TEST_HOST = "$(BUILT_PRODUCTS_DIR)/trainingTracker.app/trainingTracker";
			};
			name = Debug;
		};
		F45D2B45234FC1640055EAA8 /* Release */ = {
			isa = XCBuildConfiguration;
			buildSettings = {
				ALWAYS_EMBED_SWIFT_STANDARD_LIBRARIES = YES;
				BUNDLE_LOADER = "$(TEST_HOST)";
				CODE_SIGN_STYLE = Automatic;
				INFOPLIST_FILE = trainingTrackerTests/Info.plist;
				IPHONEOS_DEPLOYMENT_TARGET = 13.0;
				LD_RUNPATH_SEARCH_PATHS = (
					"$(inherited)",
					"@executable_path/Frameworks",
					"@loader_path/Frameworks",
				);
				PRODUCT_BUNDLE_IDENTIFIER = com.hidotp.trainingTrackerTests;
				PRODUCT_NAME = "$(TARGET_NAME)";
				SWIFT_VERSION = 5.0;
				TARGETED_DEVICE_FAMILY = "1,2";
				TEST_HOST = "$(BUILT_PRODUCTS_DIR)/trainingTracker.app/trainingTracker";
			};
			name = Release;
		};
		F45D2B47234FC1640055EAA8 /* Debug */ = {
			isa = XCBuildConfiguration;
			buildSettings = {
				ALWAYS_EMBED_SWIFT_STANDARD_LIBRARIES = YES;
				CODE_SIGN_STYLE = Automatic;
				INFOPLIST_FILE = trainingTrackerUITests/Info.plist;
				LD_RUNPATH_SEARCH_PATHS = (
					"$(inherited)",
					"@executable_path/Frameworks",
					"@loader_path/Frameworks",
				);
				PRODUCT_BUNDLE_IDENTIFIER = com.hidotp.trainingTrackerUITests;
				PRODUCT_NAME = "$(TARGET_NAME)";
				SWIFT_VERSION = 5.0;
				TARGETED_DEVICE_FAMILY = "1,2";
				TEST_TARGET_NAME = trainingTracker;
			};
			name = Debug;
		};
		F45D2B48234FC1640055EAA8 /* Release */ = {
			isa = XCBuildConfiguration;
			buildSettings = {
				ALWAYS_EMBED_SWIFT_STANDARD_LIBRARIES = YES;
				CODE_SIGN_STYLE = Automatic;
				INFOPLIST_FILE = trainingTrackerUITests/Info.plist;
				LD_RUNPATH_SEARCH_PATHS = (
					"$(inherited)",
					"@executable_path/Frameworks",
					"@loader_path/Frameworks",
				);
				PRODUCT_BUNDLE_IDENTIFIER = com.hidotp.trainingTrackerUITests;
				PRODUCT_NAME = "$(TARGET_NAME)";
				SWIFT_VERSION = 5.0;
				TARGETED_DEVICE_FAMILY = "1,2";
				TEST_TARGET_NAME = trainingTracker;
			};
			name = Release;
		};
/* End XCBuildConfiguration section */

/* Begin XCConfigurationList section */
		F45D2B11234FC1630055EAA8 /* Build configuration list for PBXProject "trainingTracker" */ = {
			isa = XCConfigurationList;
			buildConfigurations = (
				F45D2B3E234FC1640055EAA8 /* Debug */,
				F45D2B3F234FC1640055EAA8 /* Release */,
			);
			defaultConfigurationIsVisible = 0;
			defaultConfigurationName = Release;
		};
		F45D2B40234FC1640055EAA8 /* Build configuration list for PBXNativeTarget "trainingTracker" */ = {
			isa = XCConfigurationList;
			buildConfigurations = (
				F45D2B41234FC1640055EAA8 /* Debug */,
				F45D2B42234FC1640055EAA8 /* Release */,
			);
			defaultConfigurationIsVisible = 0;
			defaultConfigurationName = Release;
		};
		F45D2B43234FC1640055EAA8 /* Build configuration list for PBXNativeTarget "trainingTrackerTests" */ = {
			isa = XCConfigurationList;
			buildConfigurations = (
				F45D2B44234FC1640055EAA8 /* Debug */,
				F45D2B45234FC1640055EAA8 /* Release */,
			);
			defaultConfigurationIsVisible = 0;
			defaultConfigurationName = Release;
		};
		F45D2B46234FC1640055EAA8 /* Build configuration list for PBXNativeTarget "trainingTrackerUITests" */ = {
			isa = XCConfigurationList;
			buildConfigurations = (
				F45D2B47234FC1640055EAA8 /* Debug */,
				F45D2B48234FC1640055EAA8 /* Release */,
			);
			defaultConfigurationIsVisible = 0;
			defaultConfigurationName = Release;
		};
/* End XCConfigurationList section */
	};
	rootObject = F45D2B0E234FC1630055EAA8 /* Project object */;
}
